name: verde/plugin
specifiers:
  wally#centau/vide:
    0.1.1:
    - wally: wally#centau/vide
      version: ^0.1.1
      index_url: https://github.com/UpliftGames/wally-index
    - vide
children:
  wally#centau/vide:
    0.1.1:
      pkg_ref:
        type: wally
        name: wally#centau/vide
        version: 0.1.1
        index_url: https://github.com/UpliftGames/wally-index
      realm: shared
